
Microsoft Visual Studio Solution File, Format Version 12.00
# Visual Studio Version 17
VisualStudioVersion = 17.2.32516.85
MinimumVisualStudioVersion = 10.0.40219.1
Project("{FAE04EC0-301F-11D3-BF4B-00C04F79EFBC}") = "WebAppCore", "WebAppCore\WebAppCore.csproj", "{C727987A-19F5-42A9-902E-4C8A22153896}"
EndProject
Global
	GlobalSection(SolutionConfigurationPlatforms) = preSolution
		Debug|Any CPU = Debug|Any CPU
		Release|Any CPU = Release|Any CPU
	EndGlobalSection
	GlobalSection(ProjectConfigurationPlatforms) = postSolution
		{C727987A-19F5-42A9-902E-4C8A22153896}.Debug|Any CPU.ActiveCfg = Debug|Any CPU
		{C727987A-19F5-42A9-902E-4C8A22153896}.Debug|Any CPU.Build.0 = Debug|Any CPU
		{C727987A-19F5-42A9-902E-4C8A22153896}.Release|Any CPU.ActiveCfg = Release|Any CPU
		{C727987A-19F5-42A9-902E-4C8A22153896}.Release|Any CPU.Build.0 = Release|Any CPU
	EndGlobalSection
	GlobalSection(SolutionProperties) = preSolution
		HideSolutionNode = FALSE
	EndGlobalSection
	GlobalSection(ExtensibilityGlobals) = postSolution
		SolutionGuid = {7B3875E6-1821-417E-994A-E0341BEA1E27}
	EndGlobalSection
EndGlobal
